
Microsoft Visual Studio Solution File, Format Version 12.00
# Visual Studio Version 16
VisualStudioVersion = 16.0.29025.244
MinimumVisualStudioVersion = 10.0.40219.1
Project("{8BC9CEB8-8B4A-11D0-8D11-00A0C91BC942}") = "PbrRenderer", "PbrRenderer\PbrRenderer.vcxproj", "{5772ADED-771E-445E-AB5E-4BAD3CF13B93}"
EndProject
Project("{FAE04EC0-301F-11D3-BF4B-00C04F79EFBC}") = "PbrSceneCompiler", "PbrSceneCompiler\PbrSceneCompiler.csproj", "{4E39EDED-449A-4FCC-96D7-A69D421F6C2E}"
EndProject
Project("{FAE04EC0-301F-11D3-BF4B-00C04F79EFBC}") = "PbrResourceUtils", "PbrResourceUtils\PbrResourceUtils.csproj", "{0AB36D18-5E5E-496B-8CBF-EA30644D17A2}"
EndProject
Project("{FAE04EC0-301F-11D3-BF4B-00C04F79EFBC}") = "PbrOfflineRenderer", "PbrOfflineRenderer\PbrOfflineRenderer.csproj", "{3FCF6273-ECB3-462B-A77B-2FE86FEA888C}"
EndProject
Global
	GlobalSection(SolutionConfigurationPlatforms) = preSolution
		Debug|Any CPU = Debug|Any CPU
		Debug|x64 = Debug|x64
		Debug|x86 = Debug|x86
		Release|Any CPU = Release|Any CPU
		Release|x64 = Release|x64
		Release|x86 = Release|x86
	EndGlobalSection
	GlobalSection(ProjectConfigurationPlatforms) = postSolution
		{5772ADED-771E-445E-AB5E-4BAD3CF13B93}.Debug|Any CPU.ActiveCfg = Debug|Win32
		{5772ADED-771E-445E-AB5E-4BAD3CF13B93}.Debug|x64.ActiveCfg = Debug|x64
		{5772ADED-771E-445E-AB5E-4BAD3CF13B93}.Debug|x64.Build.0 = Debug|x64
		{5772ADED-771E-445E-AB5E-4BAD3CF13B93}.Debug|x86.ActiveCfg = Debug|Win32
		{5772ADED-771E-445E-AB5E-4BAD3CF13B93}.Debug|x86.Build.0 = Debug|Win32
		{5772ADED-771E-445E-AB5E-4BAD3CF13B93}.Release|Any CPU.ActiveCfg = Release|Win32
		{5772ADED-771E-445E-AB5E-4BAD3CF13B93}.Release|x64.ActiveCfg = Release|x64
		{5772ADED-771E-445E-AB5E-4BAD3CF13B93}.Release|x64.Build.0 = Release|x64
		{5772ADED-771E-445E-AB5E-4BAD3CF13B93}.Release|x86.ActiveCfg = Release|Win32
		{5772ADED-771E-445E-AB5E-4BAD3CF13B93}.Release|x86.Build.0 = Release|Win32
		{4E39EDED-449A-4FCC-96D7-A69D421F6C2E}.Debug|Any CPU.ActiveCfg = Debug|Any CPU
		{4E39EDED-449A-4FCC-96D7-A69D421F6C2E}.Debug|Any CPU.Build.0 = Debug|Any CPU
		{4E39EDED-449A-4FCC-96D7-A69D421F6C2E}.Debug|x64.ActiveCfg = Debug|Any CPU
		{4E39EDED-449A-4FCC-96D7-A69D421F6C2E}.Debug|x64.Build.0 = Debug|Any CPU
		{4E39EDED-449A-4FCC-96D7-A69D421F6C2E}.Debug|x86.ActiveCfg = Debug|Any CPU
		{4E39EDED-449A-4FCC-96D7-A69D421F6C2E}.Debug|x86.Build.0 = Debug|Any CPU
		{4E39EDED-449A-4FCC-96D7-A69D421F6C2E}.Release|Any CPU.ActiveCfg = Release|Any CPU
		{4E39EDED-449A-4FCC-96D7-A69D421F6C2E}.Release|Any CPU.Build.0 = Release|Any CPU
		{4E39EDED-449A-4FCC-96D7-A69D421F6C2E}.Release|x64.ActiveCfg = Release|Any CPU
		{4E39EDED-449A-4FCC-96D7-A69D421F6C2E}.Release|x64.Build.0 = Release|Any CPU
		{4E39EDED-449A-4FCC-96D7-A69D421F6C2E}.Release|x86.ActiveCfg = Release|Any CPU
		{4E39EDED-449A-4FCC-96D7-A69D421F6C2E}.Release|x86.Build.0 = Release|Any CPU
		{0AB36D18-5E5E-496B-8CBF-EA30644D17A2}.Debug|Any CPU.ActiveCfg = Debug|Any CPU
		{0AB36D18-5E5E-496B-8CBF-EA30644D17A2}.Debug|Any CPU.Build.0 = Debug|Any CPU
		{0AB36D18-5E5E-496B-8CBF-EA30644D17A2}.Debug|x64.ActiveCfg = Debug|Any CPU
		{0AB36D18-5E5E-496B-8CBF-EA30644D17A2}.Debug|x64.Build.0 = Debug|Any CPU
		{0AB36D18-5E5E-496B-8CBF-EA30644D17A2}.Debug|x86.ActiveCfg = Debug|Any CPU
		{0AB36D18-5E5E-496B-8CBF-EA30644D17A2}.Debug|x86.Build.0 = Debug|Any CPU
		{0AB36D18-5E5E-496B-8CBF-EA30644D17A2}.Release|Any CPU.ActiveCfg = Release|Any CPU
		{0AB36D18-5E5E-496B-8CBF-EA30644D17A2}.Release|Any CPU.Build.0 = Release|Any CPU
		{0AB36D18-5E5E-496B-8CBF-EA30644D17A2}.Release|x64.ActiveCfg = Release|Any CPU
		{0AB36D18-5E5E-496B-8CBF-EA30644D17A2}.Release|x64.Build.0 = Release|Any CPU
		{0AB36D18-5E5E-496B-8CBF-EA30644D17A2}.Release|x86.ActiveCfg = Release|Any CPU
		{0AB36D18-5E5E-496B-8CBF-EA30644D17A2}.Release|x86.Build.0 = Release|Any CPU
		{3FCF6273-ECB3-462B-A77B-2FE86FEA888C}.Debug|Any CPU.ActiveCfg = Debug|Any CPU
		{3FCF6273-ECB3-462B-A77B-2FE86FEA888C}.Debug|Any CPU.Build.0 = Debug|Any CPU
		{3FCF6273-ECB3-462B-A77B-2FE86FEA888C}.Debug|x64.ActiveCfg = Debug|Any CPU
		{3FCF6273-ECB3-462B-A77B-2FE86FEA888C}.Debug|x64.Build.0 = Debug|Any CPU
		{3FCF6273-ECB3-462B-A77B-2FE86FEA888C}.Debug|x86.ActiveCfg = Debug|Any CPU
		{3FCF6273-ECB3-462B-A77B-2FE86FEA888C}.Debug|x86.Build.0 = Debug|Any CPU
		{3FCF6273-ECB3-462B-A77B-2FE86FEA888C}.Release|Any CPU.ActiveCfg = Release|Any CPU
		{3FCF6273-ECB3-462B-A77B-2FE86FEA888C}.Release|Any CPU.Build.0 = Release|Any CPU
		{3FCF6273-ECB3-462B-A77B-2FE86FEA888C}.Release|x64.ActiveCfg = Release|Any CPU
		{3FCF6273-ECB3-462B-A77B-2FE86FEA888C}.Release|x64.Build.0 = Release|Any CPU
		{3FCF6273-ECB3-462B-A77B-2FE86FEA888C}.Release|x86.ActiveCfg = Release|Any CPU
		{3FCF6273-ECB3-462B-A77B-2FE86FEA888C}.Release|x86.Build.0 = Release|Any CPU
	EndGlobalSection
	GlobalSection(SolutionProperties) = preSolution
		HideSolutionNode = FALSE
	EndGlobalSection
	GlobalSection(ExtensibilityGlobals) = postSolution
		SolutionGuid = {8357B475-EDF1-42F3-8362-573B885BBD79}
	EndGlobalSection
EndGlobal
